// !$*UTF8*$!
{
	archiveVersion = 1;
	classes = {
	};
	objectVersion = 46;
	objects = {

/* Begin PBXBuildFile section */
		18680377A7C1CA7AFE445592 /* libPods-iOS-location-rotation-effect.a in Frameworks */ = {isa = PBXBuildFile; fileRef = DD18096AE3F5313CDC5C96A7 /* libPods-iOS-location-rotation-effect.a */; };
		192C180B1DE8538B0035380F /* main.m in Sources */ = {isa = PBXBuildFile; fileRef = 192C180A1DE8538B0035380F /* main.m */; };
		192C180E1DE8538B0035380F /* AppDelegate.m in Sources */ = {isa = PBXBuildFile; fileRef = 192C180D1DE8538B0035380F /* AppDelegate.m */; };
		192C18111DE8538B0035380F /* ViewController.m in Sources */ = {isa = PBXBuildFile; fileRef = 192C18101DE8538B0035380F /* ViewController.m */; };
		192C18141DE8538B0035380F /* Main.storyboard in Resources */ = {isa = PBXBuildFile; fileRef = 192C18121DE8538B0035380F /* Main.storyboard */; };
		192C18161DE8538B0035380F /* Assets.xcassets in Resources */ = {isa = PBXBuildFile; fileRef = 192C18151DE8538B0035380F /* Assets.xcassets */; };
		192C18191DE8538B0035380F /* LaunchScreen.storyboard in Resources */ = {isa = PBXBuildFile; fileRef = 192C18171DE8538B0035380F /* LaunchScreen.storyboard */; };
		192C18251DE855E50035380F /* LocationAnnotationView.m in Sources */ = {isa = PBXBuildFile; fileRef = 192C18241DE855E50035380F /* LocationAnnotationView.m */; };
/* End PBXBuildFile section */

/* Begin PBXFileReference section */
		192C18061DE8538B0035380F /* iOS-location-rotation-effect.app */ = {isa = PBXFileReference; explicitFileType = wrapper.application; includeInIndex = 0; path = "iOS-location-rotation-effect.app"; sourceTree = BUILT_PRODUCTS_DIR; };
		192C180A1DE8538B0035380F /* main.m */ = {isa = PBXFileReference; lastKnownFileType = sourcecode.c.objc; path = main.m; sourceTree = "<group>"; };
		192C180C1DE8538B0035380F /* AppDelegate.h */ = {isa = PBXFileReference; lastKnownFileType = sourcecode.c.h; path = AppDelegate.h; sourceTree = "<group>"; };
		192C180D1DE8538B0035380F /* AppDelegate.m */ = {isa = PBXFileReference; lastKnownFileType = sourcecode.c.objc; path = AppDelegate.m; sourceTree = "<group>"; };
		192C180F1DE8538B0035380F /* ViewController.h */ = {isa = PBXFileReference; lastKnownFileType = sourcecode.c.h; path = ViewController.h; sourceTree = "<group>"; };
		192C18101DE8538B0035380F /* ViewController.m */ = {isa = PBXFileReference; lastKnownFileType = sourcecode.c.objc; path = ViewController.m; sourceTree = "<group>"; };
		192C18131DE8538B0035380F /* Base */ = {isa = PBXFileReference; lastKnownFileType = file.storyboard; name = Base; path = Base.lproj/Main.storyboard; sourceTree = "<group>"; };
		192C18151DE8538B0035380F /* Assets.xcassets */ = {isa = PBXFileReference; lastKnownFileType = folder.assetcatalog; path = Assets.xcassets; sourceTree = "<group>"; };
		192C18181DE8538B0035380F /* Base */ = {isa = PBXFileReference; lastKnownFileType = file.storyboard; name = Base; path = Base.lproj/LaunchScreen.storyboard; sourceTree = "<group>"; };
		192C181A1DE8538B0035380F /* Info.plist */ = {isa = PBXFileReference; lastKnownFileType = text.plist.xml; path = Info.plist; sourceTree = "<group>"; };
		192C18231DE855E50035380F /* LocationAnnotationView.h */ = {isa = PBXFileReference; fileEncoding = 4; lastKnownFileType = sourcecode.c.h; path = LocationAnnotationView.h; sourceTree = "<group>"; };
		192C18241DE855E50035380F /* LocationAnnotationView.m */ = {isa = PBXFileReference; fileEncoding = 4; lastKnownFileType = sourcecode.c.objc; path = LocationAnnotationView.m; sourceTree = "<group>"; };
		80EF65731381384EE6CD9519 /* Pods-iOS-location-rotation-effect.debug.xcconfig */ = {isa = PBXFileReference; includeInIndex = 1; lastKnownFileType = text.xcconfig; name = "Pods-iOS-location-rotation-effect.debug.xcconfig"; path = "Pods/Target Support Files/Pods-iOS-location-rotation-effect/Pods-iOS-location-rotation-effect.debug.xcconfig"; sourceTree = "<group>"; };
		B6110AEB05BB2D2D6FF49044 /* Pods-iOS-location-rotation-effect.release.xcconfig */ = {isa = PBXFileReference; includeInIndex = 1; lastKnownFileType = text.xcconfig; name = "Pods-iOS-location-rotation-effect.release.xcconfig"; path = "Pods/Target Support Files/Pods-iOS-location-rotation-effect/Pods-iOS-location-rotation-effect.release.xcconfig"; sourceTree = "<group>"; };
		DD18096AE3F5313CDC5C96A7 /* libPods-iOS-location-rotation-effect.a */ = {isa = PBXFileReference; explicitFileType = archive.ar; includeInIndex = 0; path = "libPods-iOS-location-rotation-effect.a"; sourceTree = BUILT_PRODUCTS_DIR; };
/* End PBXFileReference section */

/* Begin PBXFrameworksBuildPhase section */
		192C18031DE8538B0035380F /* Frameworks */ = {
			isa = PBXFrameworksBuildPhase;
			buildActionMask = 2147483647;
			files = (
				18680377A7C1CA7AFE445592 /* libPods-iOS-location-rotation-effect.a in Frameworks */,
			);
			runOnlyForDeploymentPostprocessing = 0;
		};
/* End PBXFrameworksBuildPhase section */

/* Begin PBXGroup section */
		192C17FD1DE8538A0035380F = {
			isa = PBXGroup;
			children = (
				192C18081DE8538B0035380F /* iOS-location-rotation-effect */,
				192C18071DE8538B0035380F /* Products */,
				49F14482569D00B03C7011C9 /* Pods */,
				668FC55D2DA3F6CF3BEAF3B8 /* Frameworks */,
			);
			sourceTree = "<group>";
		};
		192C18071DE8538B0035380F /* Products */ = {
			isa = PBXGroup;
			children = (
				192C18061DE8538B0035380F /* iOS-location-rotation-effect.app */,
			);
			name = Products;
			sourceTree = "<group>";
		};
		192C18081DE8538B0035380F /* iOS-location-rotation-effect */ = {
			isa = PBXGroup;
			children = (
				192C180C1DE8538B0035380F /* AppDelegate.h */,
				192C180D1DE8538B0035380F /* AppDelegate.m */,
				192C180F1DE8538B0035380F /* ViewController.h */,
				192C18101DE8538B0035380F /* ViewController.m */,
				192C18231DE855E50035380F /* LocationAnnotationView.h */,
				192C18241DE855E50035380F /* LocationAnnotationView.m */,
				192C18121DE8538B0035380F /* Main.storyboard */,
				192C18151DE8538B0035380F /* Assets.xcassets */,
				192C18171DE8538B0035380F /* LaunchScreen.storyboard */,
				192C181A1DE8538B0035380F /* Info.plist */,
				192C18091DE8538B0035380F /* Supporting Files */,
			);
			path = "iOS-location-rotation-effect";
			sourceTree = "<group>";
		};
		192C18091DE8538B0035380F /* Supporting Files */ = {
			isa = PBXGroup;
			children = (
				192C180A1DE8538B0035380F /* main.m */,
			);
			name = "Supporting Files";
			sourceTree = "<group>";
		};
		49F14482569D00B03C7011C9 /* Pods */ = {
			isa = PBXGroup;
			children = (
				80EF65731381384EE6CD9519 /* Pods-iOS-location-rotation-effect.debug.xcconfig */,
				B6110AEB05BB2D2D6FF49044 /* Pods-iOS-location-rotation-effect.release.xcconfig */,
			);
			name = Pods;
			sourceTree = "<group>";
		};
		668FC55D2DA3F6CF3BEAF3B8 /* Frameworks */ = {
			isa = PBXGroup;
			children = (
				DD18096AE3F5313CDC5C96A7 /* libPods-iOS-location-rotation-effect.a */,
			);
			name = Frameworks;
			sourceTree = "<group>";
		};
/* End PBXGroup section */

/* Begin PBXNativeTarget section */
		192C18051DE8538B0035380F /* iOS-location-rotation-effect */ = {
			isa = PBXNativeTarget;
			buildConfigurationList = 192C181D1DE8538B0035380F /* Build configuration list for PBXNativeTarget "iOS-location-rotation-effect" */;
			buildPhases = (
				A5DDAEB9FA0AF54B28092F33 /* [CP] Check Pods Manifest.lock */,
				192C18021DE8538B0035380F /* Sources */,
				192C18031DE8538B0035380F /* Frameworks */,
				192C18041DE8538B0035380F /* Resources */,
				25748B8D137CC3DD39E5FC72 /* [CP] Embed Pods Frameworks */,
				D603F15AD603B4792D430520 /* [CP] Copy Pods Resources */,
			);
			buildRules = (
			);
			dependencies = (
			);
			name = "iOS-location-rotation-effect";
			productName = "iOS-location-rotation-effect";
			productReference = 192C18061DE8538B0035380F /* iOS-location-rotation-effect.app */;
			productType = "com.apple.product-type.application";
		};
/* End PBXNativeTarget section */

/* Begin PBXProject section */
		192C17FE1DE8538A0035380F /* Project object */ = {
			isa = PBXProject;
			attributes = {
				LastUpgradeCheck = 0810;
				ORGANIZATIONNAME = Autonavi;
				TargetAttributes = {
					192C18051DE8538B0035380F = {
						CreatedOnToolsVersion = 8.1;
						ProvisioningStyle = Automatic;
					};
				};
			};
			buildConfigurationList = 192C18011DE8538A0035380F /* Build configuration list for PBXProject "iOS-location-rotation-effect" */;
			compatibilityVersion = "Xcode 3.2";
			developmentRegion = English;
			hasScannedForEncodings = 0;
			knownRegions = (
				en,
				Base,
			);
			mainGroup = 192C17FD1DE8538A0035380F;
			productRefGroup = 192C18071DE8538B0035380F /* Products */;
			projectDirPath = "";
			projectRoot = "";
			targets = (
				192C18051DE8538B0035380F /* iOS-location-rotation-effect */,
			);
		};
/* End PBXProject section */

/* Begin PBXResourcesBuildPhase section */
		192C18041DE8538B0035380F /* Resources */ = {
			isa = PBXResourcesBuildPhase;
			buildActionMask = 2147483647;
			files = (
				192C18191DE8538B0035380F /* LaunchScreen.storyboard in Resources */,
				192C18161DE8538B0035380F /* Assets.xcassets in Resources */,
				192C18141DE8538B0035380F /* Main.storyboard in Resources */,
			);
			runOnlyForDeploymentPostprocessing = 0;
		};
/* End PBXResourcesBuildPhase section */

/* Begin PBXShellScriptBuildPhase section */
		25748B8D137CC3DD39E5FC72 /* [CP] Embed Pods Frameworks */ = {
			isa = PBXShellScriptBuildPhase;
			buildActionMask = 2147483647;
			files = (
			);
			inputPaths = (
			);
			name = "[CP] Embed Pods Frameworks";
			outputPaths = (
			);
			runOnlyForDeploymentPostprocessing = 0;
			shellPath = /bin/sh;
			shellScript = "\"${SRCROOT}/Pods/Target Support Files/Pods-iOS-location-rotation-effect/Pods-iOS-location-rotation-effect-frameworks.sh\"\n";
			showEnvVarsInLog = 0;
		};
		A5DDAEB9FA0AF54B28092F33 /* [CP] Check Pods Manifest.lock */ = {
			isa = PBXShellScriptBuildPhase;
			buildActionMask = 2147483647;
			files = (
			);
			inputPaths = (
			);
			name = "[CP] Check Pods Manifest.lock";
			outputPaths = (
			);
			runOnlyForDeploymentPostprocessing = 0;
			shellPath = /bin/sh;
			shellScript = "diff \"${PODS_ROOT}/../Podfile.lock\" \"${PODS_ROOT}/Manifest.lock\" > /dev/null\nif [[ $? != 0 ]] ; then\n    cat << EOM\nerror: The sandbox is not in sync with the Podfile.lock. Run 'pod install' or update your CocoaPods installation.\nEOM\n    exit 1\nfi\n";
			showEnvVarsInLog = 0;
		};
		D603F15AD603B4792D430520 /* [CP] Copy Pods Resources */ = {
			isa = PBXShellScriptBuildPhase;
			buildActionMask = 2147483647;
			files = (
			);
			inputPaths = (
			);
			name = "[CP] Copy Pods Resources";
			outputPaths = (
			);
			runOnlyForDeploymentPostprocessing = 0;
			shellPath = /bin/sh;
			shellScript = "\"${SRCROOT}/Pods/Target Support Files/Pods-iOS-location-rotation-effect/Pods-iOS-location-rotation-effect-resources.sh\"\n";
			showEnvVarsInLog = 0;
		};
/* End PBXShellScriptBuildPhase section */

/* Begin PBXSourcesBuildPhase section */
		192C18021DE8538B0035380F /* Sources */ = {
			isa = PBXSourcesBuildPhase;
			buildActionMask = 2147483647;
			files = (
				192C18111DE8538B0035380F /* ViewController.m in Sources */,
				192C180E1DE8538B0035380F /* AppDelegate.m in Sources */,
				192C18251DE855E50035380F /* LocationAnnotationView.m in Sources */,
				192C180B1DE8538B0035380F /* main.m in Sources */,
			);
			runOnlyForDeploymentPostprocessing = 0;
		};
/* End PBXSourcesBuildPhase section */

/* Begin PBXVariantGroup section */
		192C18121DE8538B0035380F /* Main.storyboard */ = {
			isa = PBXVariantGroup;
			children = (
				192C18131DE8538B0035380F /* Base */,
			);
			name = Main.storyboard;
			sourceTree = "<group>";
		};
		192C18171DE8538B0035380F /* LaunchScreen.storyboard */ = {
			isa = PBXVariantGroup;
			children = (
				192C18181DE8538B0035380F /* Base */,
			);
			name = LaunchScreen.storyboard;
			sourceTree = "<group>";
		};
/* End PBXVariantGroup section */

/* Begin XCBuildConfiguration section */
		192C181B1DE8538B0035380F /* Debug */ = {
			isa = XCBuildConfiguration;
			buildSettings = {
				ALWAYS_SEARCH_USER_PATHS = NO;
				CLANG_ANALYZER_NONNULL = YES;
				CLANG_CXX_LANGUAGE_STANDARD = "gnu++0x";
				CLANG_CXX_LIBRARY = "libc++";
				CLANG_ENABLE_MODULES = YES;
				CLANG_ENABLE_OBJC_ARC = YES;
				CLANG_WARN_BOOL_CONVERSION = YES;
				CLANG_WARN_CONSTANT_CONVERSION = YES;
				CLANG_WARN_DIRECT_OBJC_ISA_USAGE = YES_ERROR;
				CLANG_WARN_DOCUMENTATION_COMMENTS = YES;
				CLANG_WARN_EMPTY_BODY = YES;
				CLANG_WARN_ENUM_CONVERSION = YES;
				CLANG_WARN_INFINITE_RECURSION = YES;
				CLANG_WARN_INT_CONVERSION = YES;
				CLANG_WARN_OBJC_ROOT_CLASS = YES_ERROR;
				CLANG_WARN_SUSPICIOUS_MOVES = YES;
				CLANG_WARN_UNREACHABLE_CODE = YES;
				CLANG_WARN__DUPLICATE_METHOD_MATCH = YES;
				"CODE_SIGN_IDENTITY[sdk=iphoneos*]" = "iPhone Developer";
				COPY_PHASE_STRIP = NO;
				DEBUG_INFORMATION_FORMAT = dwarf;
				ENABLE_STRICT_OBJC_MSGSEND = YES;
				ENABLE_TESTABILITY = YES;
				GCC_C_LANGUAGE_STANDARD = gnu99;
				GCC_DYNAMIC_NO_PIC = NO;
				GCC_NO_COMMON_BLOCKS = YES;
				GCC_OPTIMIZATION_LEVEL = 0;
				GCC_PREPROCESSOR_DEFINITIONS = (
					"DEBUG=1",
					"$(inherited)",
				);
				GCC_WARN_64_TO_32_BIT_CONVERSION = YES;
				GCC_WARN_ABOUT_RETURN_TYPE = YES_ERROR;
				GCC_WARN_UNDECLARED_SELECTOR = YES;
				GCC_WARN_UNINITIALIZED_AUTOS = YES_AGGRESSIVE;
				GCC_WARN_UNUSED_FUNCTION = YES;
				GCC_WARN_UNUSED_VARIABLE = YES;
				IPHONEOS_DEPLOYMENT_TARGET = 10.1;
				MTL_ENABLE_DEBUG_INFO = YES;
				ONLY_ACTIVE_ARCH = YES;
				SDKROOT = iphoneos;
				TARGETED_DEVICE_FAMILY = "1,2";
			};
			name = Debug;
		};
		192C181C1DE8538B0035380F /* Release */ = {
			isa = XCBuildConfiguration;
			buildSettings = {
				ALWAYS_SEARCH_USER_PATHS = NO;
				CLANG_ANALYZER_NONNULL = YES;
				CLANG_CXX_LANGUAGE_STANDARD = "gnu++0x";
				CLANG_CXX_LIBRARY = "libc++";
				CLANG_ENABLE_MODULES = YES;
				CLANG_ENABLE_OBJC_ARC = YES;
				CLANG_WARN_BOOL_CONVERSION = YES;
				CLANG_WARN_CONSTANT_CONVERSION = YES;
				CLANG_WARN_DIRECT_OBJC_ISA_USAGE = YES_ERROR;
				CLANG_WARN_DOCUMENTATION_COMMENTS = YES;
				CLANG_WARN_EMPTY_BODY = YES;
				CLANG_WARN_ENUM_CONVERSION = YES;
				CLANG_WARN_INFINITE_RECURSION = YES;
				CLANG_WARN_INT_CONVERSION = YES;
				CLANG_WARN_OBJC_ROOT_CLASS = YES_ERROR;
				CLANG_WARN_SUSPICIOUS_MOVES = YES;
				CLANG_WARN_UNREACHABLE_CODE = YES;
				CLANG_WARN__DUPLICATE_METHOD_MATCH = YES;
				"CODE_SIGN_IDENTITY[sdk=iphoneos*]" = "iPhone Developer";
				COPY_PHASE_STRIP = NO;
				DEBUG_INFORMATION_FORMAT = "dwarf-with-dsym";
				ENABLE_NS_ASSERTIONS = NO;
				ENABLE_STRICT_OBJC_MSGSEND = YES;
				GCC_C_LANGUAGE_STANDARD = gnu99;
				GCC_NO_COMMON_BLOCKS = YES;
				GCC_WARN_64_TO_32_BIT_CONVERSION = YES;
				GCC_WARN_ABOUT_RETURN_TYPE = YES_ERROR;
				GCC_WARN_UNDECLARED_SELECTOR = YES;
				GCC_WARN_UNINITIALIZED_AUTOS = YES_AGGRESSIVE;
				GCC_WARN_UNUSED_FUNCTION = YES;
				GCC_WARN_UNUSED_VARIABLE = YES;
				IPHONEOS_DEPLOYMENT_TARGET = 10.1;
				MTL_ENABLE_DEBUG_INFO = NO;
				SDKROOT = iphoneos;
				TARGETED_DEVICE_FAMILY = "1,2";
				VALIDATE_PRODUCT = YES;
			};
			name = Release;
		};
		192C181E1DE8538B0035380F /* Debug */ = {
			isa = XCBuildConfiguration;
			baseConfigurationReference = 80EF65731381384EE6CD9519 /* Pods-iOS-location-rotation-effect.debug.xcconfig */;
			buildSettings = {
				ASSETCATALOG_COMPILER_APPICON_NAME = AppIcon;
				"CODE_SIGN_IDENTITY[sdk=iphoneos*]" = "iPhone Developer";
				DEVELOPMENT_TEAM = "";
				INFOPLIST_FILE = "iOS-location-rotation-effect/Info.plist";
				LD_RUNPATH_SEARCH_PATHS = "$(inherited) @executable_path/Frameworks";
				PRODUCT_BUNDLE_IDENTIFIER = "com.autonavi.iOS-location-rotation-effect";
				PRODUCT_NAME = "$(TARGET_NAME)";
				PROVISIONING_PROFILE = "";
				PROVISIONING_PROFILE_SPECIFIER = "";
			};
			name = Debug;
		};
		192C181F1DE8538B0035380F /* Release */ = {
			isa = XCBuildConfiguration;
			baseConfigurationReference = B6110AEB05BB2D2D6FF49044 /* Pods-iOS-location-rotation-effect.release.xcconfig */;
			buildSettings = {
				ASSETCATALOG_COMPILER_APPICON_NAME = AppIcon;
				"CODE_SIGN_IDENTITY[sdk=iphoneos*]" = "iPhone Developer";
				DEVELOPMENT_TEAM = "";
				INFOPLIST_FILE = "iOS-location-rotation-effect/Info.plist";
				LD_RUNPATH_SEARCH_PATHS = "$(inherited) @executable_path/Frameworks";
				PRODUCT_BUNDLE_IDENTIFIER = "com.autonavi.iOS-location-rotation-effect";
				PRODUCT_NAME = "$(TARGET_NAME)";
				PROVISIONING_PROFILE = "";
				PROVISIONING_PROFILE_SPECIFIER = "";
			};
			name = Release;
		};
/* End XCBuildConfiguration section */

/* Begin XCConfigurationList section */
		192C18011DE8538A0035380F /* Build configuration list for PBXProject "iOS-location-rotation-effect" */ = {
			isa = XCConfigurationList;
			buildConfigurations = (
				192C181B1DE8538B0035380F /* Debug */,
				192C181C1DE8538B0035380F /* Release */,
			);
			defaultConfigurationIsVisible = 0;
			defaultConfigurationName = Release;
		};
		192C181D1DE8538B0035380F /* Build configuration list for PBXNativeTarget "iOS-location-rotation-effect" */ = {
			isa = XCConfigurationList;
			buildConfigurations = (
				192C181E1DE8538B0035380F /* Debug */,
				192C181F1DE8538B0035380F /* Release */,
			);
			defaultConfigurationIsVisible = 0;
			defaultConfigurationName = Release;
		};
/* End XCConfigurationList section */
	};
	rootObject = 192C17FE1DE8538A0035380F /* Project object */;
}
